
Microsoft Visual Studio Solution File, Format Version 12.00
# Visual Studio Version 17
VisualStudioVersion = 17.10.35013.160
MinimumVisualStudioVersion = 10.0.40219.1
Project("{FAE04EC0-301F-11D3-BF4B-00C04F79EFBC}") = "Task1A", "Task.CSharpBase\Task1A.csproj", "{980BEA7C-02EE-4B25-816C-EB0A7AD0A3A5}"
EndProject
Project("{2150E333-8FDC-42A3-9474-1A3956D46DE8}") = "Task1.CSharpBase", "Task1.CSharpBase", "{BBBE34C2-37FF-4A69-8324-71DEE3C52D0B}"
EndProject
Project("{FAE04EC0-301F-11D3-BF4B-00C04F79EFBC}") = "Task1B", "Task1B\Task1B.csproj", "{3DDA6DAA-55AA-477F-B89F-9CCF1D2415DD}"
EndProject
Project("{FAE04EC0-301F-11D3-BF4B-00C04F79EFBC}") = "Task2", "Task2\Task2.csproj", "{27811E43-AB35-44C6-956B-B7F7CD55C23B}"
EndProject
Project("{FAE04EC0-301F-11D3-BF4B-00C04F79EFBC}") = "Task3", "Task3\Task3.csproj", "{6450EAE2-C212-472F-A197-2BE52E48395F}"
EndProject
Project("{FAE04EC0-301F-11D3-BF4B-00C04F79EFBC}") = "Task4", "Task4\Task4.csproj", "{6D452AAB-6F0D-475A-B5E2-B898E9B2DD5F}"
EndProject
Project("{FAE04EC0-301F-11D3-BF4B-00C04F79EFBC}") = "Task5", "Task5\Task5.csproj", "{93DCD549-B0F4-4E80-880D-C71B5B2E2765}"
EndProject
Project("{FAE04EC0-301F-11D3-BF4B-00C04F79EFBC}") = "Task6", "Task6\Task6.csproj", "{C650C933-FB8C-4A29-836D-497D3CCCC0C9}"
EndProject
Global
	GlobalSection(SolutionConfigurationPlatforms) = preSolution
		CheckIn|Any CPU = CheckIn|Any CPU
		Debug|Any CPU = Debug|Any CPU
		Release|Any CPU = Release|Any CPU
	EndGlobalSection
	GlobalSection(ProjectConfigurationPlatforms) = postSolution
		{980BEA7C-02EE-4B25-816C-EB0A7AD0A3A5}.CheckIn|Any CPU.ActiveCfg = CheckIn|Any CPU
		{980BEA7C-02EE-4B25-816C-EB0A7AD0A3A5}.CheckIn|Any CPU.Build.0 = CheckIn|Any CPU
		{980BEA7C-02EE-4B25-816C-EB0A7AD0A3A5}.Debug|Any CPU.ActiveCfg = Debug|Any CPU
		{980BEA7C-02EE-4B25-816C-EB0A7AD0A3A5}.Debug|Any CPU.Build.0 = Debug|Any CPU
		{980BEA7C-02EE-4B25-816C-EB0A7AD0A3A5}.Release|Any CPU.ActiveCfg = Release|Any CPU
		{980BEA7C-02EE-4B25-816C-EB0A7AD0A3A5}.Release|Any CPU.Build.0 = Release|Any CPU
		{3DDA6DAA-55AA-477F-B89F-9CCF1D2415DD}.CheckIn|Any CPU.ActiveCfg = CheckIn|Any CPU
		{3DDA6DAA-55AA-477F-B89F-9CCF1D2415DD}.CheckIn|Any CPU.Build.0 = CheckIn|Any CPU
		{3DDA6DAA-55AA-477F-B89F-9CCF1D2415DD}.Debug|Any CPU.ActiveCfg = Debug|Any CPU
		{3DDA6DAA-55AA-477F-B89F-9CCF1D2415DD}.Debug|Any CPU.Build.0 = Debug|Any CPU
		{3DDA6DAA-55AA-477F-B89F-9CCF1D2415DD}.Release|Any CPU.ActiveCfg = Release|Any CPU
		{3DDA6DAA-55AA-477F-B89F-9CCF1D2415DD}.Release|Any CPU.Build.0 = Release|Any CPU
		{27811E43-AB35-44C6-956B-B7F7CD55C23B}.CheckIn|Any CPU.ActiveCfg = Debug|Any CPU
		{27811E43-AB35-44C6-956B-B7F7CD55C23B}.CheckIn|Any CPU.Build.0 = Debug|Any CPU
		{27811E43-AB35-44C6-956B-B7F7CD55C23B}.Debug|Any CPU.ActiveCfg = Debug|Any CPU
		{27811E43-AB35-44C6-956B-B7F7CD55C23B}.Debug|Any CPU.Build.0 = Debug|Any CPU
		{27811E43-AB35-44C6-956B-B7F7CD55C23B}.Release|Any CPU.ActiveCfg = Release|Any CPU
		{27811E43-AB35-44C6-956B-B7F7CD55C23B}.Release|Any CPU.Build.0 = Release|Any CPU
		{6450EAE2-C212-472F-A197-2BE52E48395F}.CheckIn|Any CPU.ActiveCfg = Debug|Any CPU
		{6450EAE2-C212-472F-A197-2BE52E48395F}.CheckIn|Any CPU.Build.0 = Debug|Any CPU
		{6450EAE2-C212-472F-A197-2BE52E48395F}.Debug|Any CPU.ActiveCfg = Debug|Any CPU
		{6450EAE2-C212-472F-A197-2BE52E48395F}.Debug|Any CPU.Build.0 = Debug|Any CPU
		{6450EAE2-C212-472F-A197-2BE52E48395F}.Release|Any CPU.ActiveCfg = Release|Any CPU
		{6450EAE2-C212-472F-A197-2BE52E48395F}.Release|Any CPU.Build.0 = Release|Any CPU
		{6D452AAB-6F0D-475A-B5E2-B898E9B2DD5F}.CheckIn|Any CPU.ActiveCfg = Debug|Any CPU
		{6D452AAB-6F0D-475A-B5E2-B898E9B2DD5F}.CheckIn|Any CPU.Build.0 = Debug|Any CPU
		{6D452AAB-6F0D-475A-B5E2-B898E9B2DD5F}.Debug|Any CPU.ActiveCfg = Debug|Any CPU
		{6D452AAB-6F0D-475A-B5E2-B898E9B2DD5F}.Debug|Any CPU.Build.0 = Debug|Any CPU
		{6D452AAB-6F0D-475A-B5E2-B898E9B2DD5F}.Release|Any CPU.ActiveCfg = Release|Any CPU
		{6D452AAB-6F0D-475A-B5E2-B898E9B2DD5F}.Release|Any CPU.Build.0 = Release|Any CPU
		{93DCD549-B0F4-4E80-880D-C71B5B2E2765}.CheckIn|Any CPU.ActiveCfg = Debug|Any CPU
		{93DCD549-B0F4-4E80-880D-C71B5B2E2765}.CheckIn|Any CPU.Build.0 = Debug|Any CPU
		{93DCD549-B0F4-4E80-880D-C71B5B2E2765}.Debug|Any CPU.ActiveCfg = Debug|Any CPU
		{93DCD549-B0F4-4E80-880D-C71B5B2E2765}.Debug|Any CPU.Build.0 = Debug|Any CPU
		{93DCD549-B0F4-4E80-880D-C71B5B2E2765}.Release|Any CPU.ActiveCfg = Release|Any CPU
		{93DCD549-B0F4-4E80-880D-C71B5B2E2765}.Release|Any CPU.Build.0 = Release|Any CPU
		{C650C933-FB8C-4A29-836D-497D3CCCC0C9}.CheckIn|Any CPU.ActiveCfg = Debug|Any CPU
		{C650C933-FB8C-4A29-836D-497D3CCCC0C9}.CheckIn|Any CPU.Build.0 = Debug|Any CPU
		{C650C933-FB8C-4A29-836D-497D3CCCC0C9}.Debug|Any CPU.ActiveCfg = Debug|Any CPU
		{C650C933-FB8C-4A29-836D-497D3CCCC0C9}.Debug|Any CPU.Build.0 = Debug|Any CPU
		{C650C933-FB8C-4A29-836D-497D3CCCC0C9}.Release|Any CPU.ActiveCfg = Release|Any CPU
		{C650C933-FB8C-4A29-836D-497D3CCCC0C9}.Release|Any CPU.Build.0 = Release|Any CPU
	EndGlobalSection
	GlobalSection(SolutionProperties) = preSolution
		HideSolutionNode = FALSE
	EndGlobalSection
	GlobalSection(NestedProjects) = preSolution
		{980BEA7C-02EE-4B25-816C-EB0A7AD0A3A5} = {BBBE34C2-37FF-4A69-8324-71DEE3C52D0B}
		{3DDA6DAA-55AA-477F-B89F-9CCF1D2415DD} = {BBBE34C2-37FF-4A69-8324-71DEE3C52D0B}
		{27811E43-AB35-44C6-956B-B7F7CD55C23B} = {BBBE34C2-37FF-4A69-8324-71DEE3C52D0B}
		{6450EAE2-C212-472F-A197-2BE52E48395F} = {BBBE34C2-37FF-4A69-8324-71DEE3C52D0B}
		{6D452AAB-6F0D-475A-B5E2-B898E9B2DD5F} = {BBBE34C2-37FF-4A69-8324-71DEE3C52D0B}
		{93DCD549-B0F4-4E80-880D-C71B5B2E2765} = {BBBE34C2-37FF-4A69-8324-71DEE3C52D0B}
		{C650C933-FB8C-4A29-836D-497D3CCCC0C9} = {BBBE34C2-37FF-4A69-8324-71DEE3C52D0B}
	EndGlobalSection
	GlobalSection(ExtensibilityGlobals) = postSolution
		SolutionGuid = {427DCCB6-17A6-487B-AF4F-648B2B8ADC93}
	EndGlobalSection
EndGlobal
